// !$*UTF8*$!
{
	archiveVersion = 1;
	classes = {
	};
	objectVersion = 77;
	objects = {

/* Begin PBXBuildFile section */
		77E18C81306F3A10009BFE81 /* FactoryKit in Frameworks */ = {isa = PBXBuildFile; productRef = 77E18C82306F3A10009BFE81 /* FactoryKit */; };
/* End PBXBuildFile section */

/* Begin PBXContainerItemProxy section */
		77E18C67306F2F63009BFE81 /* PBXContainerItemProxy */ = {
			isa = PBXContainerItemProxy;
			containerPortal = 77E18C48306F2F62009BFE81 /* Project object */;
			proxyType = 1;
			remoteGlobalIDString = 77E18C4F306F2F62009BFE81;
			remoteInfo = "IrfanPangestu-Blu-TakeHomeTest";
		};
/* End PBXContainerItemProxy section */

/* Begin PBXFileReference section */
		77E18C50306F2F62009BFE81 /* IrfanPangestu-Blu-TakeHomeTest.app */ = {isa = PBXFileReference; explicitFileType = wrapper.application; includeInIndex = 0; path = "IrfanPangestu-Blu-TakeHomeTest.app"; sourceTree = BUILT_PRODUCTS_DIR; };
		77E18C66306F2F63009BFE81 /* IrfanPangestu-Blu-TakeHomeTestTests.xctest */ = {isa = PBXFileReference; explicitFileType = wrapper.cfbundle; includeInIndex = 0; path = "IrfanPangestu-Blu-TakeHomeTestTests.xctest"; sourceTree = BUILT_PRODUCTS_DIR; };
/* End PBXFileReference section */

/* Begin PBXFileSystemSynchronizedBuildFileExceptionSet section */
		77E18C78306F2F63009BFE81 /* Exceptions for "IrfanPangestu-Blu-TakeHomeTest" folder in "IrfanPangestu-Blu-TakeHomeTest" target */ = {
			isa = PBXFileSystemSynchronizedBuildFileExceptionSet;
			membershipExceptions = (
				App/Info.plist,
			);
			target = 77E18C4F306F2F62009BFE81 /* IrfanPangestu-Blu-TakeHomeTest */;
		};
/* End PBXFileSystemSynchronizedBuildFileExceptionSet section */

/* Begin PBXFileSystemSynchronizedRootGroup section */
		77E18C52306F2F62009BFE81 /* IrfanPangestu-Blu-TakeHomeTest */ = {
			isa = PBXFileSystemSynchronizedRootGroup;
			exceptions = (
				77E18C78306F2F63009BFE81 /* Exceptions for "IrfanPangestu-Blu-TakeHomeTest" folder in "IrfanPangestu-Blu-TakeHomeTest" target */,
			);
			path = "IrfanPangestu-Blu-TakeHomeTest";
			sourceTree = "<group>";
		};
		77E18C69306F2F63009BFE81 /* IrfanPangestu-Blu-TakeHomeTestTests */ = {
			isa = PBXFileSystemSynchronizedRootGroup;
			path = "IrfanPangestu-Blu-TakeHomeTestTests";
			sourceTree = "<group>";
		};
/* End PBXFileSystemSynchronizedRootGroup section */

/* Begin PBXFrameworksBuildPhase section */
		77E18C4D306F2F62009BFE81 /* Frameworks */ = {
			isa = PBXFrameworksBuildPhase;
			buildActionMask = 2147483647;
			files = (
				77E18C81306F3A10009BFE81 /* FactoryKit in Frameworks */,
			);
			runOnlyForDeploymentPostprocessing = 0;
		};
		77E18C63306F2F63009BFE81 /* Frameworks */ = {
			isa = PBXFrameworksBuildPhase;
			buildActionMask = 2147483647;
			files = (
			);
			runOnlyForDeploymentPostprocessing = 0;
		};
/* End PBXFrameworksBuildPhase section */

/* Begin PBXGroup section */
		77E18C47306F2F62009BFE81 = {
			isa = PBXGroup;
			children = (
				77E18C52306F2F62009BFE81 /* IrfanPangestu-Blu-TakeHomeTest */,
				77E18C69306F2F63009BFE81 /* IrfanPangestu-Blu-TakeHomeTestTests */,
				77E18C51306F2F62009BFE81 /* Products */,
			);
			sourceTree = "<group>";
		};
		77E18C51306F2F62009BFE81 /* Products */ = {
			isa = PBXGroup;
			children = (
				77E18C50306F2F62009BFE81 /* IrfanPangestu-Blu-TakeHomeTest.app */,
				77E18C66306F2F63009BFE81 /* IrfanPangestu-Blu-TakeHomeTestTests.xctest */,
			);
			name = Products;
			sourceTree = "<group>";
		};
/* End PBXGroup section */

/* Begin PBXNativeTarget section */
		77E18C4F306F2F62009BFE81 /* IrfanPangestu-Blu-TakeHomeTest */ = {
			isa = PBXNativeTarget;
			buildConfigurationList = 77E18C79306F2F63009BFE81 /* Build configuration list for PBXNativeTarget "IrfanPangestu-Blu-TakeHomeTest" */;
			buildPhases = (
				77E18C4C306F2F62009BFE81 /* Sources */,
				77E18C4D306F2F62009BFE81 /* Frameworks */,
				77E18C4E306F2F62009BFE81 /* Resources */,
			);
			buildRules = (
			);
			dependencies = (
			);
			fileSystemSynchronizedGroups = (
				77E18C52306F2F62009BFE81 /* IrfanPangestu-Blu-TakeHomeTest */,
			);
			name = "IrfanPangestu-Blu-TakeHomeTest";
			packageProductDependencies = (
				77E18C82306F3A10009BFE81 /* FactoryKit */,
			);
			productName = "IrfanPangestu-Blu-TakeHomeTest";
			productReference = 77E18C50306F2F62009BFE81 /* IrfanPangestu-Blu-TakeHomeTest.app */;
			productType = "com.apple.product-type.application";
		};
		77E18C65306F2F63009BFE81 /* IrfanPangestu-Blu-TakeHomeTestTests */ = {
			isa = PBXNativeTarget;
			buildConfigurationList = 77E18C7E306F2F63009BFE81 /* Build configuration list for PBXNativeTarget "IrfanPangestu-Blu-TakeHomeTestTests" */;
			buildPhases = (
				77E18C62306F2F63009BFE81 /* Sources */,
				77E18C63306F2F63009BFE81 /* Frameworks */,
				77E18C64306F2F63009BFE81 /* Resources */,
			);
			buildRules = (
			);
			dependencies = (
				77E18C68306F2F63009BFE81 /* PBXTargetDependency */,
			);
			fileSystemSynchronizedGroups = (
				77E18C69306F2F63009BFE81 /* IrfanPangestu-Blu-TakeHomeTestTests */,
			);
			name = "IrfanPangestu-Blu-TakeHomeTestTests";
			packageProductDependencies = (
			);
			productName = "IrfanPangestu-Blu-TakeHomeTestTests";
			productReference = 77E18C66306F2F63009BFE81 /* IrfanPangestu-Blu-TakeHomeTestTests.xctest */;
			productType = "com.apple.product-type.bundle.unit-test";
		};
/* End PBXNativeTarget section */

/* Begin PBXProject section */
		77E18C48306F2F62009BFE81 /* Project object */ = {
			isa = PBXProject;
			attributes = {
				BuildIndependentTargetsInParallel = 1;
				LastSwiftUpdateCheck = 2660;
				LastUpgradeCheck = 2660;
				TargetAttributes = {
					77E18C4F306F2F62009BFE81 = {
						CreatedOnToolsVersion = 26.6;
					};
					77E18C65306F2F63009BFE81 = {
						CreatedOnToolsVersion = 26.6;
						TestTargetID = 77E18C4F306F2F62009BFE81;
					};
				};
			};
			buildConfigurationList = 77E18C4B306F2F62009BFE81 /* Build configuration list for PBXProject "IrfanPangestu-Blu-TakeHomeTest" */;
			developmentRegion = en;
			hasScannedForEncodings = 0;
			knownRegions = (
				en,
				Base,
			);
			mainGroup = 77E18C47306F2F62009BFE81;
			minimizedProjectReferenceProxies = 1;
			packageReferences = (
				77E18C83306F3A10009BFE81 /* XCRemoteSwiftPackageReference "Factory" */,
			);
			preferredProjectObjectVersion = 77;
			productRefGroup = 77E18C51306F2F62009BFE81 /* Products */;
			projectDirPath = "";
			projectRoot = "";
			targets = (
				77E18C4F306F2F62009BFE81 /* IrfanPangestu-Blu-TakeHomeTest */,
				77E18C65306F2F63009BFE81 /* IrfanPangestu-Blu-TakeHomeTestTests */,
			);
		};
/* End PBXProject section */

/* Begin PBXResourcesBuildPhase section */
		77E18C4E306F2F62009BFE81 /* Resources */ = {
			isa = PBXResourcesBuildPhase;
			buildActionMask = 2147483647;
			files = (
			);
			runOnlyForDeploymentPostprocessing = 0;
		};
		77E18C64306F2F63009BFE81 /* Resources */ = {
			isa = PBXResourcesBuildPhase;
			buildActionMask = 2147483647;
			files = (
			);
			runOnlyForDeploymentPostprocessing = 0;
		};
/* End PBXResourcesBuildPhase section */

/* Begin PBXSourcesBuildPhase section */
		77E18C4C306F2F62009BFE81 /* Sources */ = {
			isa = PBXSourcesBuildPhase;
			buildActionMask = 2147483647;
			files = (
			);
			runOnlyForDeploymentPostprocessing = 0;
		};
		77E18C62306F2F63009BFE81 /* Sources */ = {
			isa = PBXSourcesBuildPhase;
			buildActionMask = 2147483647;
			files = (
			);
			runOnlyForDeploymentPostprocessing = 0;
		};
/* End PBXSourcesBuildPhase section */

/* Begin PBXTargetDependency section */
		77E18C68306F2F63009BFE81 /* PBXTargetDependency */ = {
			isa = PBXTargetDependency;
			target = 77E18C4F306F2F62009BFE81 /* IrfanPangestu-Blu-TakeHomeTest */;
			targetProxy = 77E18C67306F2F63009BFE81 /* PBXContainerItemProxy */;
		};
/* End PBXTargetDependency section */

/* Begin XCBuildConfiguration section */
		77E18C7A306F2F63009BFE81 /* Debug */ = {
			isa = XCBuildConfiguration;
			buildSettings = {
				ASSETCATALOG_COMPILER_APPICON_NAME = AppIcon;
				ASSETCATALOG_COMPILER_GLOBAL_ACCENT_COLOR_NAME = AccentColor;
				CODE_SIGN_STYLE = Automatic;
				CURRENT_PROJECT_VERSION = 1;
				DEVELOPMENT_TEAM = HB29KH82GH;
				GENERATE_INFOPLIST_FILE = YES;
				INFOPLIST_FILE = "IrfanPangestu-Blu-TakeHomeTest/App/Info.plist";
				INFOPLIST_KEY_UIApplicationSceneManifest_Generation = YES;
				INFOPLIST_KEY_UIApplicationSupportsIndirectInputEvents = YES;
				INFOPLIST_KEY_UILaunchScreen_Generation = YES;
				INFOPLIST_KEY_UISupportedInterfaceOrientations_iPhone = UIInterfaceOrientationPortrait;
				LD_RUNPATH_SEARCH_PATHS = (
					"$(inherited)",
					"@executable_path/Frameworks",
				);
				MARKETING_VERSION = 1.0;
				PRODUCT_BUNDLE_IDENTIFIER = "com.irfanpangestu-blu-takehometest";
				PRODUCT_NAME = "$(TARGET_NAME)";
				STRING_CATALOG_GENERATE_SYMBOLS = YES;
				SWIFT_EMIT_LOC_STRINGS = YES;
				SWIFT_UPCOMING_FEATURE_MEMBER_IMPORT_VISIBILITY = YES;
				SWIFT_VERSION = 6.0;
				TARGETED_DEVICE_FAMILY = 1;
			};
			name = Debug;
		};
		77E18C7B306F2F63009BFE81 /* Release */ = {
			isa = XCBuildConfiguration;
			buildSettings = {
				ASSETCATALOG_COMPILER_APPICON_NAME = AppIcon;
				ASSETCATALOG_COMPILER_GLOBAL_ACCENT_COLOR_NAME = AccentColor;
				CODE_SIGN_STYLE = Automatic;
				CURRENT_PROJECT_VERSION = 1;
				DEVELOPMENT_TEAM = HB29KH82GH;
				GENERATE_INFOPLIST_FILE = YES;
				INFOPLIST_FILE = "IrfanPangestu-Blu-TakeHomeTest/App/Info.plist";
				INFOPLIST_KEY_UIApplicationSceneManifest_Generation = YES;
				INFOPLIST_KEY_UIApplicationSupportsIndirectInputEvents = YES;
				INFOPLIST_KEY_UILaunchScreen_Generation = YES;
				INFOPLIST_KEY_UISupportedInterfaceOrientations_iPhone = UIInterfaceOrientationPortrait;
				LD_RUNPATH_SEARCH_PATHS = (
					"$(inherited)",
					"@executable_path/Frameworks",
				);
				MARKETING_VERSION = 1.0;
				PRODUCT_BUNDLE_IDENTIFIER = "com.irfanpangestu-blu-takehometest";
				PRODUCT_NAME = "$(TARGET_NAME)";
				STRING_CATALOG_GENERATE_SYMBOLS = YES;
				SWIFT_EMIT_LOC_STRINGS = YES;
				SWIFT_UPCOMING_FEATURE_MEMBER_IMPORT_VISIBILITY = YES;
				SWIFT_VERSION = 6.0;
				TARGETED_DEVICE_FAMILY = 1;
			};
			name = Release;
		};
		77E18C7C306F2F63009BFE81 /* Debug */ = {
			isa = XCBuildConfiguration;
			buildSettings = {
				ALWAYS_SEARCH_USER_PATHS = NO;
				ASSETCATALOG_COMPILER_GENERATE_SWIFT_ASSET_SYMBOL_EXTENSIONS = YES;
				CLANG_ANALYZER_NONNULL = YES;
				CLANG_ANALYZER_NUMBER_OBJECT_CONVERSION = YES_AGGRESSIVE;
				CLANG_CXX_LANGUAGE_STANDARD = "gnu++20";
				CLANG_ENABLE_MODULES = YES;
				CLANG_ENABLE_OBJC_ARC = YES;
				CLANG_ENABLE_OBJC_WEAK = YES;
				CLANG_WARN_BLOCK_CAPTURE_AUTORELEASING = YES;
				CLANG_WARN_BOOL_CONVERSION = YES;
				CLANG_WARN_COMMA = YES;
				CLANG_WARN_CONSTANT_CONVERSION = YES;
				CLANG_WARN_DEPRECATED_OBJC_IMPLEMENTATIONS = YES;
				CLANG_WARN_DIRECT_OBJC_ISA_USAGE = YES_ERROR;
				CLANG_WARN_DOCUMENTATION_COMMENTS = YES;
				CLANG_WARN_EMPTY_BODY = YES;
				CLANG_WARN_ENUM_CONVERSION = YES;
				CLANG_WARN_INFINITE_RECURSION = YES;
				CLANG_WARN_INT_CONVERSION = YES;
				CLANG_WARN_NON_LITERAL_NULL_CONVERSION = YES;
				CLANG_WARN_OBJC_IMPLICIT_RETAIN_SELF = YES;
				CLANG_WARN_OBJC_LITERAL_CONVERSION = YES;
				CLANG_WARN_OBJC_ROOT_CLASS = YES_ERROR;
				CLANG_WARN_QUOTED_INCLUDE_IN_FRAMEWORK_HEADER = YES;
				CLANG_WARN_RANGE_LOOP_ANALYSIS = YES;
				CLANG_WARN_STRICT_PROTOTYPES = YES;
				CLANG_WARN_SUSPICIOUS_MOVE = YES;
				CLANG_WARN_UNGUARDED_AVAILABILITY = YES_AGGRESSIVE;
				CLANG_WARN_UNREACHABLE_CODE = YES;
				CLANG_WARN__DUPLICATE_METHOD_MATCH = YES;
				COPY_PHASE_STRIP = NO;
				DEBUG_INFORMATION_FORMAT = dwarf;
				DEVELOPMENT_TEAM = HB29KH82GH;
				ENABLE_STRICT_OBJC_MSGSEND = YES;
				ENABLE_TESTABILITY = YES;
				ENABLE_USER_SCRIPT_SANDBOXING = YES;
				GCC_C_LANGUAGE_STANDARD = gnu17;
				GCC_DYNAMIC_NO_PIC = NO;
				GCC_NO_COMMON_BLOCKS = YES;
				GCC_OPTIMIZATION_LEVEL = 0;
				GCC_PREPROCESSOR_DEFINITIONS = (
					"DEBUG=1",
					"$(inherited)",
				);
				GCC_WARN_64_TO_32_BIT_CONVERSION = YES;
				GCC_WARN_ABOUT_RETURN_TYPE = YES_ERROR;
				GCC_WARN_UNDECLARED_SELECTOR = YES;
				GCC_WARN_UNINITIALIZED_AUTOS = YES_AGGRESSIVE;
				GCC_WARN_UNUSED_FUNCTION = YES;
				GCC_WARN_UNUSED_VARIABLE = YES;
				IPHONEOS_DEPLOYMENT_TARGET = 16.0;
				LOCALIZATION_PREFERS_STRING_CATALOGS = YES;
				MTL_ENABLE_DEBUG_INFO = INCLUDE_SOURCE;
				MTL_FAST_MATH = YES;
				ONLY_ACTIVE_ARCH = YES;
				SDKROOT = iphoneos;
				SWIFT_ACTIVE_COMPILATION_CONDITIONS = "DEBUG $(inherited)";
				SWIFT_OPTIMIZATION_LEVEL = "-Onone";
			};
			name = Debug;
		};
		77E18C7D306F2F63009BFE81 /* Release */ = {
			isa = XCBuildConfiguration;
			buildSettings = {
				ALWAYS_SEARCH_USER_PATHS = NO;
				ASSETCATALOG_COMPILER_GENERATE_SWIFT_ASSET_SYMBOL_EXTENSIONS = YES;
				CLANG_ANALYZER_NONNULL = YES;
				CLANG_ANALYZER_NUMBER_OBJECT_CONVERSION = YES_AGGRESSIVE;
				CLANG_CXX_LANGUAGE_STANDARD = "gnu++20";
				CLANG_ENABLE_MODULES = YES;
				CLANG_ENABLE_OBJC_ARC = YES;
				CLANG_ENABLE_OBJC_WEAK = YES;
				CLANG_WARN_BLOCK_CAPTURE_AUTORELEASING = YES;
				CLANG_WARN_BOOL_CONVERSION = YES;
				CLANG_WARN_COMMA = YES;
				CLANG_WARN_CONSTANT_CONVERSION = YES;
				CLANG_WARN_DEPRECATED_OBJC_IMPLEMENTATIONS = YES;
				CLANG_WARN_DIRECT_OBJC_ISA_USAGE = YES_ERROR;
				CLANG_WARN_DOCUMENTATION_COMMENTS = YES;
				CLANG_WARN_EMPTY_BODY = YES;
				CLANG_WARN_ENUM_CONVERSION = YES;
				CLANG_WARN_INFINITE_RECURSION = YES;
				CLANG_WARN_INT_CONVERSION = YES;
				CLANG_WARN_NON_LITERAL_NULL_CONVERSION = YES;
				CLANG_WARN_OBJC_IMPLICIT_RETAIN_SELF = YES;
				CLANG_WARN_OBJC_LITERAL_CONVERSION = YES;
				CLANG_WARN_OBJC_ROOT_CLASS = YES_ERROR;
				CLANG_WARN_QUOTED_INCLUDE_IN_FRAMEWORK_HEADER = YES;
				CLANG_WARN_RANGE_LOOP_ANALYSIS = YES;
				CLANG_WARN_STRICT_PROTOTYPES = YES;
				CLANG_WARN_SUSPICIOUS_MOVE = YES;
				CLANG_WARN_UNGUARDED_AVAILABILITY = YES_AGGRESSIVE;
				CLANG_WARN_UNREACHABLE_CODE = YES;
				CLANG_WARN__DUPLICATE_METHOD_MATCH = YES;
				COPY_PHASE_STRIP = NO;
				DEBUG_INFORMATION_FORMAT = "dwarf-with-dsym";
				DEVELOPMENT_TEAM = HB29KH82GH;
				ENABLE_NS_ASSERTIONS = NO;
				ENABLE_STRICT_OBJC_MSGSEND = YES;
				ENABLE_USER_SCRIPT_SANDBOXING = YES;
				GCC_C_LANGUAGE_STANDARD = gnu17;
				GCC_NO_COMMON_BLOCKS = YES;
				GCC_WARN_64_TO_32_BIT_CONVERSION = YES;
				GCC_WARN_ABOUT_RETURN_TYPE = YES_ERROR;
				GCC_WARN_UNDECLARED_SELECTOR = YES;
				GCC_WARN_UNINITIALIZED_AUTOS = YES_AGGRESSIVE;
				GCC_WARN_UNUSED_FUNCTION = YES;
				GCC_WARN_UNUSED_VARIABLE = YES;
				IPHONEOS_DEPLOYMENT_TARGET = 16.0;
				LOCALIZATION_PREFERS_STRING_CATALOGS = YES;
				MTL_ENABLE_DEBUG_INFO = NO;
				MTL_FAST_MATH = YES;
				SDKROOT = iphoneos;
				SWIFT_COMPILATION_MODE = wholemodule;
				VALIDATE_PRODUCT = YES;
			};
			name = Release;
		};
		77E18C7F306F2F63009BFE81 /* Debug */ = {
			isa = XCBuildConfiguration;
			buildSettings = {
				BUNDLE_LOADER = "$(TEST_HOST)";
				CODE_SIGN_STYLE = Automatic;
				CURRENT_PROJECT_VERSION = 1;
				DEVELOPMENT_TEAM = HB29KH82GH;
				GENERATE_INFOPLIST_FILE = YES;
				MARKETING_VERSION = 1.0;
				PRODUCT_BUNDLE_IDENTIFIER = "com.irfanpangestu-blu-takehometesttests";
				PRODUCT_NAME = "$(TARGET_NAME)";
				STRING_CATALOG_GENERATE_SYMBOLS = NO;
				SWIFT_EMIT_LOC_STRINGS = NO;
				SWIFT_UPCOMING_FEATURE_MEMBER_IMPORT_VISIBILITY = YES;
				SWIFT_VERSION = 6.0;
				TARGETED_DEVICE_FAMILY = 1;
				TEST_HOST = "$(BUILT_PRODUCTS_DIR)/IrfanPangestu-Blu-TakeHomeTest.app/$(BUNDLE_EXECUTABLE_FOLDER_PATH)/IrfanPangestu-Blu-TakeHomeTest";
			};
			name = Debug;
		};
		77E18C80306F2F63009BFE81 /* Release */ = {
			isa = XCBuildConfiguration;
			buildSettings = {
				BUNDLE_LOADER = "$(TEST_HOST)";
				CODE_SIGN_STYLE = Automatic;
				CURRENT_PROJECT_VERSION = 1;
				DEVELOPMENT_TEAM = HB29KH82GH;
				GENERATE_INFOPLIST_FILE = YES;
				MARKETING_VERSION = 1.0;
				PRODUCT_BUNDLE_IDENTIFIER = "com.irfanpangestu-blu-takehometesttests";
				PRODUCT_NAME = "$(TARGET_NAME)";
				STRING_CATALOG_GENERATE_SYMBOLS = NO;
				SWIFT_EMIT_LOC_STRINGS = NO;
				SWIFT_UPCOMING_FEATURE_MEMBER_IMPORT_VISIBILITY = YES;
				SWIFT_VERSION = 6.0;
				TARGETED_DEVICE_FAMILY = 1;
				TEST_HOST = "$(BUILT_PRODUCTS_DIR)/IrfanPangestu-Blu-TakeHomeTest.app/$(BUNDLE_EXECUTABLE_FOLDER_PATH)/IrfanPangestu-Blu-TakeHomeTest";
			};
			name = Release;
		};
/* End XCBuildConfiguration section */

/* Begin XCConfigurationList section */
		77E18C4B306F2F62009BFE81 /* Build configuration list for PBXProject "IrfanPangestu-Blu-TakeHomeTest" */ = {
			isa = XCConfigurationList;
			buildConfigurations = (
				77E18C7C306F2F63009BFE81 /* Debug */,
				77E18C7D306F2F63009BFE81 /* Release */,
			);
			defaultConfigurationIsVisible = 0;
			defaultConfigurationName = Release;
		};
		77E18C79306F2F63009BFE81 /* Build configuration list for PBXNativeTarget "IrfanPangestu-Blu-TakeHomeTest" */ = {
			isa = XCConfigurationList;
			buildConfigurations = (
				77E18C7A306F2F63009BFE81 /* Debug */,
				77E18C7B306F2F63009BFE81 /* Release */,
			);
			defaultConfigurationIsVisible = 0;
			defaultConfigurationName = Release;
		};
		77E18C7E306F2F63009BFE81 /* Build configuration list for PBXNativeTarget "IrfanPangestu-Blu-TakeHomeTestTests" */ = {
			isa = XCConfigurationList;
			buildConfigurations = (
				77E18C7F306F2F63009BFE81 /* Debug */,
				77E18C80306F2F63009BFE81 /* Release */,
			);
			defaultConfigurationIsVisible = 0;
			defaultConfigurationName = Release;
		};
/* End XCConfigurationList section */

/* Begin XCRemoteSwiftPackageReference section */
		77E18C83306F3A10009BFE81 /* XCRemoteSwiftPackageReference "Factory" */ = {
			isa = XCRemoteSwiftPackageReference;
			repositoryURL = "https://github.com/hmlongco/Factory.git";
			requirement = {
				kind = exactVersion;
				version = 3.2.1;
			};
		};
/* End XCRemoteSwiftPackageReference section */

/* Begin XCSwiftPackageProductDependency section */
		77E18C82306F3A10009BFE81 /* FactoryKit */ = {
			isa = XCSwiftPackageProductDependency;
			package = 77E18C83306F3A10009BFE81 /* XCRemoteSwiftPackageReference "Factory" */;
			productName = FactoryKit;
		};
/* End XCSwiftPackageProductDependency section */
	};
	rootObject = 77E18C48306F2F62009BFE81 /* Project object */;
}
